// !$*UTF8*$!
{
	archiveVersion = 1;
	classes = {
	};
	objectVersion = 77;
	objects = {

/* Begin PBXContainerItemProxy section */
		F63D99BE2CE4BCAD00822BFC /* PBXContainerItemProxy */ = {
			isa = PBXContainerItemProxy;
			containerPortal = F63D999F2CE4BCAB00822BFC /* Project object */;
			proxyType = 1;
			remoteGlobalIDString = F63D99A62CE4BCAB00822BFC;
			remoteInfo = TouchEvent;
		};
		F63D99C82CE4BCAD00822BFC /* PBXContainerItemProxy */ = {
			isa = PBXContainerItemProxy;
			containerPortal = F63D999F2CE4BCAB00822BFC /* Project object */;
			proxyType = 1;
			remoteGlobalIDString = F63D99A62CE4BCAB00822BFC;
			remoteInfo = TouchEvent;
		};
/* End PBXContainerItemProxy section */

/* Begin PBXFileReference section */
		F63D99A72CE4BCAB00822BFC /* TouchEvent.app */ = {isa = PBXFileReference; explicitFileType = wrapper.application; includeInIndex = 0; path = TouchEvent.app; sourceTree = BUILT_PRODUCTS_DIR; };
		F63D99BD2CE4BCAD00822BFC /* TouchEventTests.xctest */ = {isa = PBXFileReference; explicitFileType = wrapper.cfbundle; includeInIndex = 0; path = TouchEventTests.xctest; sourceTree = BUILT_PRODUCTS_DIR; };
		F63D99C72CE4BCAD00822BFC /* TouchEventUITests.xctest */ = {isa = PBXFileReference; explicitFileType = wrapper.cfbundle; includeInIndex = 0; path = TouchEventUITests.xctest; sourceTree = BUILT_PRODUCTS_DIR; };
/* End PBXFileReference section */

/* Begin PBXFileSystemSynchronizedBuildFileExceptionSet section */
		F63D99CF2CE4BCAD00822BFC /* Exceptions for "TouchEvent" folder in "TouchEvent" target */ = {
			isa = PBXFileSystemSynchronizedBuildFileExceptionSet;
			membershipExceptions = (
				Info.plist,
			);
			target = F63D99A62CE4BCAB00822BFC /* TouchEvent */;
		};
/* End PBXFileSystemSynchronizedBuildFileExceptionSet section */

/* Begin PBXFileSystemSynchronizedRootGroup section */
		F63D99A92CE4BCAB00822BFC /* TouchEvent */ = {
			isa = PBXFileSystemSynchronizedRootGroup;
			exceptions = (
				F63D99CF2CE4BCAD00822BFC /* Exceptions for "TouchEvent" folder in "TouchEvent" target */,
			);
			path = TouchEvent;
			sourceTree = "<group>";
		};
		F63D99C02CE4BCAD00822BFC /* TouchEventTests */ = {
			isa = PBXFileSystemSynchronizedRootGroup;
			path = TouchEventTests;
			sourceTree = "<group>";
		};
		F63D99CA2CE4BCAD00822BFC /* TouchEventUITests */ = {
			isa = PBXFileSystemSynchronizedRootGroup;
			path = TouchEventUITests;
			sourceTree = "<group>";
		};
/* End PBXFileSystemSynchronizedRootGroup section */

/* Begin PBXFrameworksBuildPhase section */
		F63D99A42CE4BCAB00822BFC /* Frameworks */ = {
			isa = PBXFrameworksBuildPhase;
			buildActionMask = 2147483647;
			files = (
			);
			runOnlyForDeploymentPostprocessing = 0;
		};
		F63D99BA2CE4BCAD00822BFC /* Frameworks */ = {
			isa = PBXFrameworksBuildPhase;
			buildActionMask = 2147483647;
			files = (
			);
			runOnlyForDeploymentPostprocessing = 0;
		};
		F63D99C42CE4BCAD00822BFC /* Frameworks */ = {
			isa = PBXFrameworksBuildPhase;
			buildActionMask = 2147483647;
			files = (
			);
			runOnlyForDeploymentPostprocessing = 0;
		};
/* End PBXFrameworksBuildPhase section */

/* Begin PBXGroup section */
		F63D999E2CE4BCAB00822BFC = {
			isa = PBXGroup;
			children = (
				F63D99A92CE4BCAB00822BFC /* TouchEvent */,
				F63D99C02CE4BCAD00822BFC /* TouchEventTests */,
				F63D99CA2CE4BCAD00822BFC /* TouchEventUITests */,
				F63D99A82CE4BCAB00822BFC /* Products */,
			);
			sourceTree = "<group>";
		};
		F63D99A82CE4BCAB00822BFC /* Products */ = {
			isa = PBXGroup;
			children = (
				F63D99A72CE4BCAB00822BFC /* TouchEvent.app */,
				F63D99BD2CE4BCAD00822BFC /* TouchEventTests.xctest */,
				F63D99C72CE4BCAD00822BFC /* TouchEventUITests.xctest */,
			);
			name = Products;
			sourceTree = "<group>";
		};
/* End PBXGroup section */

/* Begin PBXNativeTarget section */
		F63D99A62CE4BCAB00822BFC /* TouchEvent */ = {
			isa = PBXNativeTarget;
			buildConfigurationList = F63D99D02CE4BCAD00822BFC /* Build configuration list for PBXNativeTarget "TouchEvent" */;
			buildPhases = (
				F63D99A32CE4BCAB00822BFC /* Sources */,
				F63D99A42CE4BCAB00822BFC /* Frameworks */,
				F63D99A52CE4BCAB00822BFC /* Resources */,
			);
			buildRules = (
			);
			dependencies = (
			);
			fileSystemSynchronizedGroups = (
				F63D99A92CE4BCAB00822BFC /* TouchEvent */,
			);
			name = TouchEvent;
			packageProductDependencies = (
			);
			productName = TouchEvent;
			productReference = F63D99A72CE4BCAB00822BFC /* TouchEvent.app */;
			productType = "com.apple.product-type.application";
		};
		F63D99BC2CE4BCAD00822BFC /* TouchEventTests */ = {
			isa = PBXNativeTarget;
			buildConfigurationList = F63D99D52CE4BCAD00822BFC /* Build configuration list for PBXNativeTarget "TouchEventTests" */;
			buildPhases = (
				F63D99B92CE4BCAD00822BFC /* Sources */,
				F63D99BA2CE4BCAD00822BFC /* Frameworks */,
				F63D99BB2CE4BCAD00822BFC /* Resources */,
			);
			buildRules = (
			);
			dependencies = (
				F63D99BF2CE4BCAD00822BFC /* PBXTargetDependency */,
			);
			fileSystemSynchronizedGroups = (
				F63D99C02CE4BCAD00822BFC /* TouchEventTests */,
			);
			name = TouchEventTests;
			packageProductDependencies = (
			);
			productName = TouchEventTests;
			productReference = F63D99BD2CE4BCAD00822BFC /* TouchEventTests.xctest */;
			productType = "com.apple.product-type.bundle.unit-test";
		};
		F63D99C62CE4BCAD00822BFC /* TouchEventUITests */ = {
			isa = PBXNativeTarget;
			buildConfigurationList = F63D99D82CE4BCAD00822BFC /* Build configuration list for PBXNativeTarget "TouchEventUITests" */;
			buildPhases = (
				F63D99C32CE4BCAD00822BFC /* Sources */,
				F63D99C42CE4BCAD00822BFC /* Frameworks */,
				F63D99C52CE4BCAD00822BFC /* Resources */,
			);
			buildRules = (
			);
			dependencies = (
				F63D99C92CE4BCAD00822BFC /* PBXTargetDependency */,
			);
			fileSystemSynchronizedGroups = (
				F63D99CA2CE4BCAD00822BFC /* TouchEventUITests */,
			);
			name = TouchEventUITests;
			packageProductDependencies = (
			);
			productName = TouchEventUITests;
			productReference = F63D99C72CE4BCAD00822BFC /* TouchEventUITests.xctest */;
			productType = "com.apple.product-type.bundle.ui-testing";
		};
/* End PBXNativeTarget section */

/* Begin PBXProject section */
		F63D999F2CE4BCAB00822BFC /* Project object */ = {
			isa = PBXProject;
			attributes = {
				BuildIndependentTargetsInParallel = 1;
				LastSwiftUpdateCheck = 1610;
				LastUpgradeCheck = 1610;
				TargetAttributes = {
					F63D99A62CE4BCAB00822BFC = {
						CreatedOnToolsVersion = 16.1;
					};
					F63D99BC2CE4BCAD00822BFC = {
						CreatedOnToolsVersion = 16.1;
						TestTargetID = F63D99A62CE4BCAB00822BFC;
					};
					F63D99C62CE4BCAD00822BFC = {
						CreatedOnToolsVersion = 16.1;
						TestTargetID = F63D99A62CE4BCAB00822BFC;
					};
				};
			};
			buildConfigurationList = F63D99A22CE4BCAB00822BFC /* Build configuration list for PBXProject "TouchEvent" */;
			developmentRegion = en;
			hasScannedForEncodings = 0;
			knownRegions = (
				en,
				Base,
			);
			mainGroup = F63D999E2CE4BCAB00822BFC;
			minimizedProjectReferenceProxies = 1;
			preferredProjectObjectVersion = 77;
			productRefGroup = F63D99A82CE4BCAB00822BFC /* Products */;
			projectDirPath = "";
			projectRoot = "";
			targets = (
				F63D99A62CE4BCAB00822BFC /* TouchEvent */,
				F63D99BC2CE4BCAD00822BFC /* TouchEventTests */,
				F63D99C62CE4BCAD00822BFC /* TouchEventUITests */,
			);
		};
/* End PBXProject section */

/* Begin PBXResourcesBuildPhase section */
		F63D99A52CE4BCAB00822BFC /* Resources */ = {
			isa = PBXResourcesBuildPhase;
			buildActionMask = 2147483647;
			files = (
			);
			runOnlyForDeploymentPostprocessing = 0;
		};
		F63D99BB2CE4BCAD00822BFC /* Resources */ = {
			isa = PBXResourcesBuildPhase;
			buildActionMask = 2147483647;
			files = (
			);
			runOnlyForDeploymentPostprocessing = 0;
		};
		F63D99C52CE4BCAD00822BFC /* Resources */ = {
			isa = PBXResourcesBuildPhase;
			buildActionMask = 2147483647;
			files = (
			);
			runOnlyForDeploymentPostprocessing = 0;
		};
/* End PBXResourcesBuildPhase section */

/* Begin PBXSourcesBuildPhase section */
		F63D99A32CE4BCAB00822BFC /* Sources */ = {
			isa = PBXSourcesBuildPhase;
			buildActionMask = 2147483647;
			files = (
			);
			runOnlyForDeploymentPostprocessing = 0;
		};
		F63D99B92CE4BCAD00822BFC /* Sources */ = {
			isa = PBXSourcesBuildPhase;
			buildActionMask = 2147483647;
			files = (
			);
			runOnlyForDeploymentPostprocessing = 0;
		};
		F63D99C32CE4BCAD00822BFC /* Sources */ = {
			isa = PBXSourcesBuildPhase;
			buildActionMask = 2147483647;
			files = (
			);
			runOnlyForDeploymentPostprocessing = 0;
		};
/* End PBXSourcesBuildPhase section */

/* Begin PBXTargetDependency section */
		F63D99BF2CE4BCAD00822BFC /* PBXTargetDependency */ = {
			isa = PBXTargetDependency;
			target = F63D99A62CE4BCAB00822BFC /* TouchEvent */;
			targetProxy = F63D99BE2CE4BCAD00822BFC /* PBXContainerItemProxy */;
		};
		F63D99C92CE4BCAD00822BFC /* PBXTargetDependency */ = {
			isa = PBXTargetDependency;
			target = F63D99A62CE4BCAB00822BFC /* TouchEvent */;
			targetProxy = F63D99C82CE4BCAD00822BFC /* PBXContainerItemProxy */;
		};
/* End PBXTargetDependency section */

/* Begin XCBuildConfiguration section */
		F63D99D12CE4BCAD00822BFC /* Debug */ = {
			isa = XCBuildConfiguration;
			buildSettings = {
				ASSETCATALOG_COMPILER_APPICON_NAME = AppIcon;
				ASSETCATALOG_COMPILER_GLOBAL_ACCENT_COLOR_NAME = AccentColor;
				CODE_SIGN_STYLE = Automatic;
				CURRENT_PROJECT_VERSION = 1;
				GENERATE_INFOPLIST_FILE = YES;
				INFOPLIST_FILE = TouchEvent/Info.plist;
				INFOPLIST_KEY_NSCameraUsageDescription = "アプリ内で編集する写真を撮るためにカメラを起動します";
				INFOPLIST_KEY_NSPhotoLibraryAddUsageDescription = "編集した画像をフォトライブラリに保存します";
				INFOPLIST_KEY_NSPhotoLibraryUsageDescription = "アプリ内で編集する画像をフォトライブラリから呼び出します";
				INFOPLIST_KEY_UIApplicationSupportsIndirectInputEvents = YES;
				INFOPLIST_KEY_UILaunchStoryboardName = LaunchScreen;
				INFOPLIST_KEY_UIMainStoryboardFile = Main;
				INFOPLIST_KEY_UISupportedInterfaceOrientations_iPad = "UIInterfaceOrientationPortrait UIInterfaceOrientationPortraitUpsideDown UIInterfaceOrientationLandscapeLeft UIInterfaceOrientationLandscapeRight";
				INFOPLIST_KEY_UISupportedInterfaceOrientations_iPhone = "UIInterfaceOrientationPortrait UIInterfaceOrientationLandscapeLeft UIInterfaceOrientationLandscapeRight";
				LD_RUNPATH_SEARCH_PATHS = (
					"$(inherited)",
					"@executable_path/Frameworks",
				);
				MARKETING_VERSION = 1.0;
				PRODUCT_BUNDLE_IDENTIFIER = app.takahashi.tsumu.TouchEvent;
				PRODUCT_NAME = "$(TARGET_NAME)";
				SWIFT_EMIT_LOC_STRINGS = YES;
				SWIFT_VERSION = 5.0;
				TARGETED_DEVICE_FAMILY = "1,2";
			};
			name = Debug;
		};
		F63D99D22CE4BCAD00822BFC /* Release */ = {
			isa = XCBuildConfiguration;
			buildSettings = {
				ASSETCATALOG_COMPILER_APPICON_NAME = AppIcon;
				ASSETCATALOG_COMPILER_GLOBAL_ACCENT_COLOR_NAME = AccentColor;
				CODE_SIGN_STYLE = Automatic;
				CURRENT_PROJECT_VERSION = 1;
				GENERATE_INFOPLIST_FILE = YES;
				INFOPLIST_FILE = TouchEvent/Info.plist;
				INFOPLIST_KEY_NSCameraUsageDescription = "アプリ内で編集する写真を撮るためにカメラを起動します";
				INFOPLIST_KEY_NSPhotoLibraryAddUsageDescription = "編集した画像をフォトライブラリに保存します";
				INFOPLIST_KEY_NSPhotoLibraryUsageDescription = "アプリ内で編集する画像をフォトライブラリから呼び出します";
				INFOPLIST_KEY_UIApplicationSupportsIndirectInputEvents = YES;
				INFOPLIST_KEY_UILaunchStoryboardName = LaunchScreen;
				INFOPLIST_KEY_UIMainStoryboardFile = Main;
				INFOPLIST_KEY_UISupportedInterfaceOrientations_iPad = "UIInterfaceOrientationPortrait UIInterfaceOrientationPortraitUpsideDown UIInterfaceOrientationLandscapeLeft UIInterfaceOrientationLandscapeRight";
				INFOPLIST_KEY_UISupportedInterfaceOrientations_iPhone = "UIInterfaceOrientationPortrait UIInterfaceOrientationLandscapeLeft UIInterfaceOrientationLandscapeRight";
				LD_RUNPATH_SEARCH_PATHS = (
					"$(inherited)",
					"@executable_path/Frameworks",
				);
				MARKETING_VERSION = 1.0;
				PRODUCT_BUNDLE_IDENTIFIER = app.takahashi.tsumu.TouchEvent;
				PRODUCT_NAME = "$(TARGET_NAME)";
				SWIFT_EMIT_LOC_STRINGS = YES;
				SWIFT_VERSION = 5.0;
				TARGETED_DEVICE_FAMILY = "1,2";
			};
			name = Release;
		};
		F63D99D32CE4BCAD00822BFC /* Debug */ = {
			isa = XCBuildConfiguration;
			buildSettings = {
				ALWAYS_SEARCH_USER_PATHS = NO;
				ASSETCATALOG_COMPILER_GENERATE_SWIFT_ASSET_SYMBOL_EXTENSIONS = YES;
				CLANG_ANALYZER_NONNULL = YES;
				CLANG_ANALYZER_NUMBER_OBJECT_CONVERSION = YES_AGGRESSIVE;
				CLANG_CXX_LANGUAGE_STANDARD = "gnu++20";
				CLANG_ENABLE_MODULES = YES;
				CLANG_ENABLE_OBJC_ARC = YES;
				CLANG_ENABLE_OBJC_WEAK = YES;
				CLANG_WARN_BLOCK_CAPTURE_AUTORELEASING = YES;
				CLANG_WARN_BOOL_CONVERSION = YES;
				CLANG_WARN_COMMA = YES;
				CLANG_WARN_CONSTANT_CONVERSION = YES;
				CLANG_WARN_DEPRECATED_OBJC_IMPLEMENTATIONS = YES;
				CLANG_WARN_DIRECT_OBJC_ISA_USAGE = YES_ERROR;
				CLANG_WARN_DOCUMENTATION_COMMENTS = YES;
				CLANG_WARN_EMPTY_BODY = YES;
				CLANG_WARN_ENUM_CONVERSION = YES;
				CLANG_WARN_INFINITE_RECURSION = YES;
				CLANG_WARN_INT_CONVERSION = YES;
				CLANG_WARN_NON_LITERAL_NULL_CONVERSION = YES;
				CLANG_WARN_OBJC_IMPLICIT_RETAIN_SELF = YES;
				CLANG_WARN_OBJC_LITERAL_CONVERSION = YES;
				CLANG_WARN_OBJC_ROOT_CLASS = YES_ERROR;
				CLANG_WARN_QUOTED_INCLUDE_IN_FRAMEWORK_HEADER = YES;
				CLANG_WARN_RANGE_LOOP_ANALYSIS = YES;
				CLANG_WARN_STRICT_PROTOTYPES = YES;
				CLANG_WARN_SUSPICIOUS_MOVE = YES;
				CLANG_WARN_UNGUARDED_AVAILABILITY = YES_AGGRESSIVE;
				CLANG_WARN_UNREACHABLE_CODE = YES;
				CLANG_WARN__DUPLICATE_METHOD_MATCH = YES;
				COPY_PHASE_STRIP = NO;
				DEBUG_INFORMATION_FORMAT = dwarf;
				ENABLE_STRICT_OBJC_MSGSEND = YES;
				ENABLE_TESTABILITY = YES;
				ENABLE_USER_SCRIPT_SANDBOXING = YES;
				GCC_C_LANGUAGE_STANDARD = gnu17;
				GCC_DYNAMIC_NO_PIC = NO;
				GCC_NO_COMMON_BLOCKS = YES;
				GCC_OPTIMIZATION_LEVEL = 0;
				GCC_PREPROCESSOR_DEFINITIONS = (
					"DEBUG=1",
					"$(inherited)",
				);
				GCC_WARN_64_TO_32_BIT_CONVERSION = YES;
				GCC_WARN_ABOUT_RETURN_TYPE = YES_ERROR;
				GCC_WARN_UNDECLARED_SELECTOR = YES;
				GCC_WARN_UNINITIALIZED_AUTOS = YES_AGGRESSIVE;
				GCC_WARN_UNUSED_FUNCTION = YES;
				GCC_WARN_UNUSED_VARIABLE = YES;
				IPHONEOS_DEPLOYMENT_TARGET = 18.1;
				LOCALIZATION_PREFERS_STRING_CATALOGS = YES;
				MTL_ENABLE_DEBUG_INFO = INCLUDE_SOURCE;
				MTL_FAST_MATH = YES;
				ONLY_ACTIVE_ARCH = YES;
				SDKROOT = iphoneos;
				SWIFT_ACTIVE_COMPILATION_CONDITIONS = "DEBUG $(inherited)";
				SWIFT_OPTIMIZATION_LEVEL = "-Onone";
			};
			name = Debug;
		};
		F63D99D42CE4BCAD00822BFC /* Release */ = {
			isa = XCBuildConfiguration;
			buildSettings = {
				ALWAYS_SEARCH_USER_PATHS = NO;
				ASSETCATALOG_COMPILER_GENERATE_SWIFT_ASSET_SYMBOL_EXTENSIONS = YES;
				CLANG_ANALYZER_NONNULL = YES;
				CLANG_ANALYZER_NUMBER_OBJECT_CONVERSION = YES_AGGRESSIVE;
				CLANG_CXX_LANGUAGE_STANDARD = "gnu++20";
				CLANG_ENABLE_MODULES = YES;
				CLANG_ENABLE_OBJC_ARC = YES;
				CLANG_ENABLE_OBJC_WEAK = YES;
				CLANG_WARN_BLOCK_CAPTURE_AUTORELEASING = YES;
				CLANG_WARN_BOOL_CONVERSION = YES;
				CLANG_WARN_COMMA = YES;
				CLANG_WARN_CONSTANT_CONVERSION = YES;
				CLANG_WARN_DEPRECATED_OBJC_IMPLEMENTATIONS = YES;
				CLANG_WARN_DIRECT_OBJC_ISA_USAGE = YES_ERROR;
				CLANG_WARN_DOCUMENTATION_COMMENTS = YES;
				CLANG_WARN_EMPTY_BODY = YES;
				CLANG_WARN_ENUM_CONVERSION = YES;
				CLANG_WARN_INFINITE_RECURSION = YES;
				CLANG_WARN_INT_CONVERSION = YES;
				CLANG_WARN_NON_LITERAL_NULL_CONVERSION = YES;
				CLANG_WARN_OBJC_IMPLICIT_RETAIN_SELF = YES;
				CLANG_WARN_OBJC_LITERAL_CONVERSION = YES;
				CLANG_WARN_OBJC_ROOT_CLASS = YES_ERROR;
				CLANG_WARN_QUOTED_INCLUDE_IN_FRAMEWORK_HEADER = YES;
				CLANG_WARN_RANGE_LOOP_ANALYSIS = YES;
				CLANG_WARN_STRICT_PROTOTYPES = YES;
				CLANG_WARN_SUSPICIOUS_MOVE = YES;
				CLANG_WARN_UNGUARDED_AVAILABILITY = YES_AGGRESSIVE;
				CLANG_WARN_UNREACHABLE_CODE = YES;
				CLANG_WARN__DUPLICATE_METHOD_MATCH = YES;
				COPY_PHASE_STRIP = NO;
				DEBUG_INFORMATION_FORMAT = "dwarf-with-dsym";
				ENABLE_NS_ASSERTIONS = NO;
				ENABLE_STRICT_OBJC_MSGSEND = YES;
				ENABLE_USER_SCRIPT_SANDBOXING = YES;
				GCC_C_LANGUAGE_STANDARD = gnu17;
				GCC_NO_COMMON_BLOCKS = YES;
				GCC_WARN_64_TO_32_BIT_CONVERSION = YES;
				GCC_WARN_ABOUT_RETURN_TYPE = YES_ERROR;
				GCC_WARN_UNDECLARED_SELECTOR = YES;
				GCC_WARN_UNINITIALIZED_AUTOS = YES_AGGRESSIVE;
				GCC_WARN_UNUSED_FUNCTION = YES;
				GCC_WARN_UNUSED_VARIABLE = YES;
				IPHONEOS_DEPLOYMENT_TARGET = 18.1;
				LOCALIZATION_PREFERS_STRING_CATALOGS = YES;
				MTL_ENABLE_DEBUG_INFO = NO;
				MTL_FAST_MATH = YES;
				SDKROOT = iphoneos;
				SWIFT_COMPILATION_MODE = wholemodule;
				VALIDATE_PRODUCT = YES;
			};
			name = Release;
		};
		F63D99D62CE4BCAD00822BFC /* Debug */ = {
			isa = XCBuildConfiguration;
			buildSettings = {
				BUNDLE_LOADER = "$(TEST_HOST)";
				CODE_SIGN_STYLE = Automatic;
				CURRENT_PROJECT_VERSION = 1;
				GENERATE_INFOPLIST_FILE = YES;
				IPHONEOS_DEPLOYMENT_TARGET = 18.1;
				MARKETING_VERSION = 1.0;
				PRODUCT_BUNDLE_IDENTIFIER = app.takahashi.tsumu.TouchEventTests;
				PRODUCT_NAME = "$(TARGET_NAME)";
				SWIFT_EMIT_LOC_STRINGS = NO;
				SWIFT_VERSION = 5.0;
				TARGETED_DEVICE_FAMILY = "1,2";
				TEST_HOST = "$(BUILT_PRODUCTS_DIR)/TouchEvent.app/$(BUNDLE_EXECUTABLE_FOLDER_PATH)/TouchEvent";
			};
			name = Debug;
		};
		F63D99D72CE4BCAD00822BFC /* Release */ = {
			isa = XCBuildConfiguration;
			buildSettings = {
				BUNDLE_LOADER = "$(TEST_HOST)";
				CODE_SIGN_STYLE = Automatic;
				CURRENT_PROJECT_VERSION = 1;
				GENERATE_INFOPLIST_FILE = YES;
				IPHONEOS_DEPLOYMENT_TARGET = 18.1;
				MARKETING_VERSION = 1.0;
				PRODUCT_BUNDLE_IDENTIFIER = app.takahashi.tsumu.TouchEventTests;
				PRODUCT_NAME = "$(TARGET_NAME)";
				SWIFT_EMIT_LOC_STRINGS = NO;
				SWIFT_VERSION = 5.0;
				TARGETED_DEVICE_FAMILY = "1,2";
				TEST_HOST = "$(BUILT_PRODUCTS_DIR)/TouchEvent.app/$(BUNDLE_EXECUTABLE_FOLDER_PATH)/TouchEvent";
			};
			name = Release;
		};
		F63D99D92CE4BCAD00822BFC /* Debug */ = {
			isa = XCBuildConfiguration;
			buildSettings = {
				CODE_SIGN_STYLE = Automatic;
				CURRENT_PROJECT_VERSION = 1;
				GENERATE_INFOPLIST_FILE = YES;
				MARKETING_VERSION = 1.0;
				PRODUCT_BUNDLE_IDENTIFIER = app.takahashi.tsumu.TouchEventUITests;
				PRODUCT_NAME = "$(TARGET_NAME)";
				SWIFT_EMIT_LOC_STRINGS = NO;
				SWIFT_VERSION = 5.0;
				TARGETED_DEVICE_FAMILY = "1,2";
				TEST_TARGET_NAME = TouchEvent;
			};
			name = Debug;
		};
		F63D99DA2CE4BCAD00822BFC /* Release */ = {
			isa = XCBuildConfiguration;
			buildSettings = {
				CODE_SIGN_STYLE = Automatic;
				CURRENT_PROJECT_VERSION = 1;
				GENERATE_INFOPLIST_FILE = YES;
				MARKETING_VERSION = 1.0;
				PRODUCT_BUNDLE_IDENTIFIER = app.takahashi.tsumu.TouchEventUITests;
				PRODUCT_NAME = "$(TARGET_NAME)";
				SWIFT_EMIT_LOC_STRINGS = NO;
				SWIFT_VERSION = 5.0;
				TARGETED_DEVICE_FAMILY = "1,2";
				TEST_TARGET_NAME = TouchEvent;
			};
			name = Release;
		};
/* End XCBuildConfiguration section */

/* Begin XCConfigurationList section */
		F63D99A22CE4BCAB00822BFC /* Build configuration list for PBXProject "TouchEvent" */ = {
			isa = XCConfigurationList;
			buildConfigurations = (
				F63D99D32CE4BCAD00822BFC /* Debug */,
				F63D99D42CE4BCAD00822BFC /* Release */,
			);
			defaultConfigurationIsVisible = 0;
			defaultConfigurationName = Release;
		};
		F63D99D02CE4BCAD00822BFC /* Build configuration list for PBXNativeTarget "TouchEvent" */ = {
			isa = XCConfigurationList;
			buildConfigurations = (
				F63D99D12CE4BCAD00822BFC /* Debug */,
				F63D99D22CE4BCAD00822BFC /* Release */,
			);
			defaultConfigurationIsVisible = 0;
			defaultConfigurationName = Release;
		};
		F63D99D52CE4BCAD00822BFC /* Build configuration list for PBXNativeTarget "TouchEventTests" */ = {
			isa = XCConfigurationList;
			buildConfigurations = (
				F63D99D62CE4BCAD00822BFC /* Debug */,
				F63D99D72CE4BCAD00822BFC /* Release */,
			);
			defaultConfigurationIsVisible = 0;
			defaultConfigurationName = Release;
		};
		F63D99D82CE4BCAD00822BFC /* Build configuration list for PBXNativeTarget "TouchEventUITests" */ = {
			isa = XCConfigurationList;
			buildConfigurations = (
				F63D99D92CE4BCAD00822BFC /* Debug */,
				F63D99DA2CE4BCAD00822BFC /* Release */,
			);
			defaultConfigurationIsVisible = 0;
			defaultConfigurationName = Release;
		};
/* End XCConfigurationList section */
	};
	rootObject = F63D999F2CE4BCAB00822BFC /* Project object */;
}
